// !$*UTF8*$!
{
	archiveVersion = 1;
	classes = {
	};
	objectVersion = 50;
	objects = {

/* Begin PBXBuildFile section */
		102292AA24B5E92700A7B35D /* AppDelegate.swift in Sources */ = {isa = PBXBuildFile; fileRef = 102292A924B5E92700A7B35D /* AppDelegate.swift */; };
		102292AC24B5E92700A7B35D /* SceneDelegate.swift in Sources */ = {isa = PBXBuildFile; fileRef = 102292AB24B5E92700A7B35D /* SceneDelegate.swift */; };
		102292AE24B5E92700A7B35D /* ContentView.swift in Sources */ = {isa = PBXBuildFile; fileRef = 102292AD24B5E92700A7B35D /* ContentView.swift */; };
		102292B024B5E92800A7B35D /* Assets.xcassets in Resources */ = {isa = PBXBuildFile; fileRef = 102292AF24B5E92800A7B35D /* Assets.xcassets */; };
		102292B324B5E92800A7B35D /* Preview Assets.xcassets in Resources */ = {isa = PBXBuildFile; fileRef = 102292B224B5E92800A7B35D /* Preview Assets.xcassets */; };
		102292B624B5E92800A7B35D /* LaunchScreen.storyboard in Resources */ = {isa = PBXBuildFile; fileRef = 102292B424B5E92800A7B35D /* LaunchScreen.storyboard */; };
		102292BF24B5FBBA00A7B35D /* Pacifico-Regular.ttf in Resources */ = {isa = PBXBuildFile; fileRef = 102292BE24B5FBBA00A7B35D /* Pacifico-Regular.ttf */; };
		102292C124B6177100A7B35D /* InfoView.swift in Sources */ = {isa = PBXBuildFile; fileRef = 102292C024B6177100A7B35D /* InfoView.swift */; };
/* End PBXBuildFile section */

/* Begin PBXFileReference section */
		102292A624B5E92700A7B35D /* Dayton Card Swift UI.app */ = {isa = PBXFileReference; explicitFileType = wrapper.application; includeInIndex = 0; path = "Dayton Card Swift UI.app"; sourceTree = BUILT_PRODUCTS_DIR; };
		102292A924B5E92700A7B35D /* AppDelegate.swift */ = {isa = PBXFileReference; lastKnownFileType = sourcecode.swift; path = AppDelegate.swift; sourceTree = "<group>"; };
		102292AB24B5E92700A7B35D /* SceneDelegate.swift */ = {isa = PBXFileReference; lastKnownFileType = sourcecode.swift; path = SceneDelegate.swift; sourceTree = "<group>"; };
		102292AD24B5E92700A7B35D /* ContentView.swift */ = {isa = PBXFileReference; lastKnownFileType = sourcecode.swift; path = ContentView.swift; sourceTree = "<group>"; };
		102292AF24B5E92800A7B35D /* Assets.xcassets */ = {isa = PBXFileReference; lastKnownFileType = folder.assetcatalog; path = Assets.xcassets; sourceTree = "<group>"; };
		102292B224B5E92800A7B35D /* Preview Assets.xcassets */ = {isa = PBXFileReference; lastKnownFileType = folder.assetcatalog; path = "Preview Assets.xcassets"; sourceTree = "<group>"; };
		102292B524B5E92800A7B35D /* Base */ = {isa = PBXFileReference; lastKnownFileType = file.storyboard; name = Base; path = Base.lproj/LaunchScreen.storyboard; sourceTree = "<group>"; };
		102292B724B5E92800A7B35D /* Info.plist */ = {isa = PBXFileReference; lastKnownFileType = text.plist.xml; path = Info.plist; sourceTree = "<group>"; };
		102292BE24B5FBBA00A7B35D /* Pacifico-Regular.ttf */ = {isa = PBXFileReference; lastKnownFileType = file; name = "Pacifico-Regular.ttf"; path = "Pacifico/Pacifico-Regular.ttf"; sourceTree = SOURCE_ROOT; };
		102292C024B6177100A7B35D /* InfoView.swift */ = {isa = PBXFileReference; lastKnownFileType = sourcecode.swift; path = InfoView.swift; sourceTree = "<group>"; };
/* End PBXFileReference section */

/* Begin PBXFrameworksBuildPhase section */
		102292A324B5E92700A7B35D /* Frameworks */ = {
			isa = PBXFrameworksBuildPhase;
			buildActionMask = 2147483647;
			files = (
			);
			runOnlyForDeploymentPostprocessing = 0;
		};
/* End PBXFrameworksBuildPhase section */

/* Begin PBXGroup section */
		1022929D24B5E92700A7B35D = {
			isa = PBXGroup;
			children = (
				102292A824B5E92700A7B35D /* Dayton Card Swift UI */,
				102292A724B5E92700A7B35D /* Products */,
			);
			sourceTree = "<group>";
		};
		102292A724B5E92700A7B35D /* Products */ = {
			isa = PBXGroup;
			children = (
				102292A624B5E92700A7B35D /* Dayton Card Swift UI.app */,
			);
			name = Products;
			sourceTree = "<group>";
		};
		102292A824B5E92700A7B35D /* Dayton Card Swift UI */ = {
			isa = PBXGroup;
			children = (
				102292BD24B5FBA500A7B35D /* Fonts */,
				102292A924B5E92700A7B35D /* AppDelegate.swift */,
				102292AB24B5E92700A7B35D /* SceneDelegate.swift */,
				102292AD24B5E92700A7B35D /* ContentView.swift */,
				102292C024B6177100A7B35D /* InfoView.swift */,
				102292AF24B5E92800A7B35D /* Assets.xcassets */,
				102292B424B5E92800A7B35D /* LaunchScreen.storyboard */,
				102292B724B5E92800A7B35D /* Info.plist */,
				102292B124B5E92800A7B35D /* Preview Content */,
			);
			path = "Dayton Card Swift UI";
			sourceTree = "<group>";
		};
		102292B124B5E92800A7B35D /* Preview Content */ = {
			isa = PBXGroup;
			children = (
				102292B224B5E92800A7B35D /* Preview Assets.xcassets */,
			);
			path = "Preview Content";
			sourceTree = "<group>";
		};
		102292BD24B5FBA500A7B35D /* Fonts */ = {
			isa = PBXGroup;
			children = (
				102292BE24B5FBBA00A7B35D /* Pacifico-Regular.ttf */,
			);
			path = Fonts;
			sourceTree = "<group>";
		};
/* End PBXGroup section */

/* Begin PBXNativeTarget section */
		102292A524B5E92700A7B35D /* Dayton Card Swift UI */ = {
			isa = PBXNativeTarget;
			buildConfigurationList = 102292BA24B5E92800A7B35D /* Build configuration list for PBXNativeTarget "Dayton Card Swift UI" */;
			buildPhases = (
				102292A224B5E92700A7B35D /* Sources */,
				102292A324B5E92700A7B35D /* Frameworks */,
				102292A424B5E92700A7B35D /* Resources */,
			);
			buildRules = (
			);
			dependencies = (
			);
			name = "Dayton Card Swift UI";
			productName = "Dayton Card Swift UI";
			productReference = 102292A624B5E92700A7B35D /* Dayton Card Swift UI.app */;
			productType = "com.apple.product-type.application";
		};
/* End PBXNativeTarget section */

/* Begin PBXProject section */
		1022929E24B5E92700A7B35D /* Project object */ = {
			isa = PBXProject;
			attributes = {
				LastSwiftUpdateCheck = 1150;
				LastUpgradeCheck = 1200;
				ORGANIZATIONNAME = Dayton;
				TargetAttributes = {
					102292A524B5E92700A7B35D = {
						CreatedOnToolsVersion = 11.5;
					};
				};
			};
			buildConfigurationList = 102292A124B5E92700A7B35D /* Build configuration list for PBXProject "Dayton Card Swift UI" */;
			compatibilityVersion = "Xcode 9.3";
			developmentRegion = en;
			hasScannedForEncodings = 0;
			knownRegions = (
				en,
				Base,
			);
			mainGroup = 1022929D24B5E92700A7B35D;
			productRefGroup = 102292A724B5E92700A7B35D /* Products */;
			projectDirPath = "";
			projectRoot = "";
			targets = (
				102292A524B5E92700A7B35D /* Dayton Card Swift UI */,
			);
		};
/* End PBXProject section */

/* Begin PBXResourcesBuildPhase section */
		102292A424B5E92700A7B35D /* Resources */ = {
			isa = PBXResourcesBuildPhase;
			buildActionMask = 2147483647;
			files = (
				102292B624B5E92800A7B35D /* LaunchScreen.storyboard in Resources */,
				102292BF24B5FBBA00A7B35D /* Pacifico-Regular.ttf in Resources */,
				102292B324B5E92800A7B35D /* Preview Assets.xcassets in Resources */,
				102292B024B5E92800A7B35D /* Assets.xcassets in Resources */,
			);
			runOnlyForDeploymentPostprocessing = 0;
		};
/* End PBXResourcesBuildPhase section */

/* Begin PBXSourcesBuildPhase section */
		102292A224B5E92700A7B35D /* Sources */ = {
			isa = PBXSourcesBuildPhase;
			buildActionMask = 2147483647;
			files = (
				102292C124B6177100A7B35D /* InfoView.swift in Sources */,
				102292AA24B5E92700A7B35D /* AppDelegate.swift in Sources */,
				102292AC24B5E92700A7B35D /* SceneDelegate.swift in Sources */,
				102292AE24B5E92700A7B35D /* ContentView.swift in Sources */,
			);
			runOnlyForDeploymentPostprocessing = 0;
		};
/* End PBXSourcesBuildPhase section */

/* Begin PBXVariantGroup section */
		102292B424B5E92800A7B35D /* LaunchScreen.storyboard */ = {
			isa = PBXVariantGroup;
			children = (
				102292B524B5E92800A7B35D /* Base */,
			);
			name = LaunchScreen.storyboard;
			sourceTree = "<group>";
		};
/* End PBXVariantGroup section */

/* Begin XCBuildConfiguration section */
		102292B824B5E92800A7B35D /* Debug */ = {
			isa = XCBuildConfiguration;
			buildSettings = {
				ALWAYS_SEARCH_USER_PATHS = NO;
				CLANG_ANALYZER_NONNULL = YES;
				CLANG_ANALYZER_NUMBER_OBJECT_CONVERSION = YES_AGGRESSIVE;
				CLANG_CXX_LANGUAGE_STANDARD = "gnu++14";
				CLANG_CXX_LIBRARY = "libc++";
				CLANG_ENABLE_MODULES = YES;
				CLANG_ENABLE_OBJC_ARC = YES;
				CLANG_ENABLE_OBJC_WEAK = YES;
				CLANG_WARN_BLOCK_CAPTURE_AUTORELEASING = YES;
				CLANG_WARN_BOOL_CONVERSION = YES;
				CLANG_WARN_COMMA = YES;
				CLANG_WARN_CONSTANT_CONVERSION = YES;
				CLANG_WARN_DEPRECATED_OBJC_IMPLEMENTATIONS = YES;
				CLANG_WARN_DIRECT_OBJC_ISA_USAGE = YES_ERROR;
				CLANG_WARN_DOCUMENTATION_COMMENTS = YES;
				CLANG_WARN_EMPTY_BODY = YES;
				CLANG_WARN_ENUM_CONVERSION = YES;
				CLANG_WARN_INFINITE_RECURSION = YES;
				CLANG_WARN_INT_CONVERSION = YES;
				CLANG_WARN_NON_LITERAL_NULL_CONVERSION = YES;
				CLANG_WARN_OBJC_IMPLICIT_RETAIN_SELF = YES;
				CLANG_WARN_OBJC_LITERAL_CONVERSION = YES;
				CLANG_WARN_OBJC_ROOT_CLASS = YES_ERROR;
				CLANG_WARN_QUOTED_INCLUDE_IN_FRAMEWORK_HEADER = YES;
				CLANG_WARN_RANGE_LOOP_ANALYSIS = YES;
				CLANG_WARN_STRICT_PROTOTYPES = YES;
				CLANG_WARN_SUSPICIOUS_MOVE = YES;
				CLANG_WARN_UNGUARDED_AVAILABILITY = YES_AGGRESSIVE;
				CLANG_WARN_UNREACHABLE_CODE = YES;
				CLANG_WARN__DUPLICATE_METHOD_MATCH = YES;
				COPY_PHASE_STRIP = NO;
				DEBUG_INFORMATION_FORMAT = dwarf;
				ENABLE_STRICT_OBJC_MSGSEND = YES;
				ENABLE_TESTABILITY = YES;
				GCC_C_LANGUAGE_STANDARD = gnu11;
				GCC_DYNAMIC_NO_PIC = NO;
				GCC_NO_COMMON_BLOCKS = YES;
				GCC_OPTIMIZATION_LEVEL = 0;
				GCC_PREPROCESSOR_DEFINITIONS = (
					"DEBUG=1",
					"$(inherited)",
				);
				GCC_WARN_64_TO_32_BIT_CONVERSION = YES;
				GCC_WARN_ABOUT_RETURN_TYPE = YES_ERROR;
				GCC_WARN_UNDECLARED_SELECTOR = YES;
				GCC_WARN_UNINITIALIZED_AUTOS = YES_AGGRESSIVE;
				GCC_WARN_UNUSED_FUNCTION = YES;
				GCC_WARN_UNUSED_VARIABLE = YES;
				IPHONEOS_DEPLOYMENT_TARGET = 13.5;
				MTL_ENABLE_DEBUG_INFO = INCLUDE_SOURCE;
				MTL_FAST_MATH = YES;
				ONLY_ACTIVE_ARCH = YES;
				SDKROOT = iphoneos;
				SWIFT_ACTIVE_COMPILATION_CONDITIONS = DEBUG;
				SWIFT_OPTIMIZATION_LEVEL = "-Onone";
			};
			name = Debug;
		};
		102292B924B5E92800A7B35D /* Release */ = {
			isa = XCBuildConfiguration;
			buildSettings = {
				ALWAYS_SEARCH_USER_PATHS = NO;
				CLANG_ANALYZER_NONNULL = YES;
				CLANG_ANALYZER_NUMBER_OBJECT_CONVERSION = YES_AGGRESSIVE;
				CLANG_CXX_LANGUAGE_STANDARD = "gnu++14";
				CLANG_CXX_LIBRARY = "libc++";
				CLANG_ENABLE_MODULES = YES;
				CLANG_ENABLE_OBJC_ARC = YES;
				CLANG_ENABLE_OBJC_WEAK = YES;
				CLANG_WARN_BLOCK_CAPTURE_AUTORELEASING = YES;
				CLANG_WARN_BOOL_CONVERSION = YES;
				CLANG_WARN_COMMA = YES;
				CLANG_WARN_CONSTANT_CONVERSION = YES;
				CLANG_WARN_DEPRECATED_OBJC_IMPLEMENTATIONS = YES;
				CLANG_WARN_DIRECT_OBJC_ISA_USAGE = YES_ERROR;
				CLANG_WARN_DOCUMENTATION_COMMENTS = YES;
				CLANG_WARN_EMPTY_BODY = YES;
				CLANG_WARN_ENUM_CONVERSION = YES;
				CLANG_WARN_INFINITE_RECURSION = YES;
				CLANG_WARN_INT_CONVERSION = YES;
				CLANG_WARN_NON_LITERAL_NULL_CONVERSION = YES;
				CLANG_WARN_OBJC_IMPLICIT_RETAIN_SELF = YES;
				CLANG_WARN_OBJC_LITERAL_CONVERSION = YES;
				CLANG_WARN_OBJC_ROOT_CLASS = YES_ERROR;
				CLANG_WARN_QUOTED_INCLUDE_IN_FRAMEWORK_HEADER = YES;
				CLANG_WARN_RANGE_LOOP_ANALYSIS = YES;
				CLANG_WARN_STRICT_PROTOTYPES = YES;
				CLANG_WARN_SUSPICIOUS_MOVE = YES;
				CLANG_WARN_UNGUARDED_AVAILABILITY = YES_AGGRESSIVE;
				CLANG_WARN_UNREACHABLE_CODE = YES;
				CLANG_WARN__DUPLICATE_METHOD_MATCH = YES;
				COPY_PHASE_STRIP = NO;
				DEBUG_INFORMATION_FORMAT = "dwarf-with-dsym";
				ENABLE_NS_ASSERTIONS = NO;
				ENABLE_STRICT_OBJC_MSGSEND = YES;
				GCC_C_LANGUAGE_STANDARD = gnu11;
				GCC_NO_COMMON_BLOCKS = YES;
				GCC_WARN_64_TO_32_BIT_CONVERSION = YES;
				GCC_WARN_ABOUT_RETURN_TYPE = YES_ERROR;
				GCC_WARN_UNDECLARED_SELECTOR = YES;
				GCC_WARN_UNINITIALIZED_AUTOS = YES_AGGRESSIVE;
				GCC_WARN_UNUSED_FUNCTION = YES;
				GCC_WARN_UNUSED_VARIABLE = YES;
				IPHONEOS_DEPLOYMENT_TARGET = 13.5;
				MTL_ENABLE_DEBUG_INFO = NO;
				MTL_FAST_MATH = YES;
				SDKROOT = iphoneos;
				SWIFT_COMPILATION_MODE = wholemodule;
				SWIFT_OPTIMIZATION_LEVEL = "-O";
				VALIDATE_PRODUCT = YES;
			};
			name = Release;
		};
		102292BB24B5E92800A7B35D /* Debug */ = {
			isa = XCBuildConfiguration;
			buildSettings = {
				ASSETCATALOG_COMPILER_APPICON_NAME = AppIcon;
				CODE_SIGN_STYLE = Automatic;
				DEVELOPMENT_ASSET_PATHS = "\"Dayton Card Swift UI/Preview Content\"";
				DEVELOPMENT_TEAM = 5W5HYDSXPX;
				ENABLE_PREVIEWS = YES;
				INFOPLIST_FILE = "Dayton Card Swift UI/Info.plist";
				LD_RUNPATH_SEARCH_PATHS = (
					"$(inherited)",
					"@executable_path/Frameworks",
				);
				PRODUCT_BUNDLE_IDENTIFIER = "com.Dayton.Dayton-Card-Swift-UI";
				PRODUCT_NAME = "$(TARGET_NAME)";
				SWIFT_VERSION = 5.0;
				TARGETED_DEVICE_FAMILY = "1,2";
			};
			name = Debug;
		};
		102292BC24B5E92800A7B35D /* Release */ = {
			isa = XCBuildConfiguration;
			buildSettings = {
				ASSETCATALOG_COMPILER_APPICON_NAME = AppIcon;
				CODE_SIGN_STYLE = Automatic;
				DEVELOPMENT_ASSET_PATHS = "\"Dayton Card Swift UI/Preview Content\"";
				DEVELOPMENT_TEAM = 5W5HYDSXPX;
				ENABLE_PREVIEWS = YES;
				INFOPLIST_FILE = "Dayton Card Swift UI/Info.plist";
				LD_RUNPATH_SEARCH_PATHS = (
					"$(inherited)",
					"@executable_path/Frameworks",
				);
				PRODUCT_BUNDLE_IDENTIFIER = "com.Dayton.Dayton-Card-Swift-UI";
				PRODUCT_NAME = "$(TARGET_NAME)";
				SWIFT_VERSION = 5.0;
				TARGETED_DEVICE_FAMILY = "1,2";
			};
			name = Release;
		};
/* End XCBuildConfiguration section */

/* Begin XCConfigurationList section */
		102292A124B5E92700A7B35D /* Build configuration list for PBXProject "Dayton Card Swift UI" */ = {
			isa = XCConfigurationList;
			buildConfigurations = (
				102292B824B5E92800A7B35D /* Debug */,
				102292B924B5E92800A7B35D /* Release */,
			);
			defaultConfigurationIsVisible = 0;
			defaultConfigurationName = Release;
		};
		102292BA24B5E92800A7B35D /* Build configuration list for PBXNativeTarget "Dayton Card Swift UI" */ = {
			isa = XCConfigurationList;
			buildConfigurations = (
				102292BB24B5E92800A7B35D /* Debug */,
				102292BC24B5E92800A7B35D /* Release */,
			);
			defaultConfigurationIsVisible = 0;
			defaultConfigurationName = Release;
		};
/* End XCConfigurationList section */
	};
	rootObject = 1022929E24B5E92700A7B35D /* Project object */;
}
